{
  "nodes": {
    "POP": {
      "inputs": {
        "flake-compat": [
          "omnibus",
          "flops"
        ],
        "nixlib": [
          "omnibus",
          "flops",
          "nixlib"
        ],
        "nixpkgs": [
          "omnibus",
          "flops"
        ]
      },
      "locked": {
        "lastModified": 1765336162,
        "narHash": "sha256-AZIHeUaHsjn31LdYI34MZwU/WqANNyBqJr65zGdLqlc=",
        "owner": "divnix",
        "repo": "POP",
        "rev": "b6b81b1c42ba78fda5b3021f8927cf2a52b5460e",
        "type": "github"
      },
      "original": {
        "owner": "divnix",
        "repo": "POP",
        "type": "github"
      }
    },
    "blueprint": {
      "inputs": {
        "nixpkgs": [
          "llm-agents",
          "nixpkgs"
        ],
        "systems": "systems"
      },
      "locked": {
        "lastModified": 1771437256,
        "narHash": "sha256-bLqwib+rtyBRRVBWhMuBXPCL/OThfokA+j6+uH7jDGU=",
        "owner": "numtide",
        "repo": "blueprint",
        "rev": "06ee7190dc2620ea98af9eb225aa9627b68b0e33",
        "type": "github"
      },
      "original": {
        "owner": "numtide",
        "repo": "blueprint",
        "type": "github"
      }
    },
    "call-flake": {
      "locked": {
        "lastModified": 1754792893,
        "narHash": "sha256-11/dQG/vjpfMi4D7ku2o1UtUMf8Sud0KJ/Le44zHIc8=",
        "owner": "divnix",
        "repo": "call-flake",
        "rev": "1abb37095a152e0e8ba4315c57c84905bc8bf93c",
        "type": "github"
      },
      "original": {
        "owner": "divnix",
        "repo": "call-flake",
        "type": "github"
      }
    },
    "crane": {
      "locked": {
        "lastModified": 1767744144,
        "narHash": "sha256-9/9ntI0D+HbN4G0TrK3KmHbTvwgswz7p8IEJsWyef8Q=",
        "owner": "ipetkov",
        "repo": "crane",
        "rev": "2fb033290bf6b23f226d4c8b32f7f7a16b043d7e",
        "type": "github"
      },
      "original": {
        "owner": "ipetkov",
        "repo": "crane",
        "type": "github"
      }
    },
    "devenv": {
      "locked": {
        "dir": "src/modules",
        "lastModified": 1771981565,
        "narHash": "sha256-tORx1T/4zQdeIjFkuezafLRsRI65z+BXXZerStJcdoQ=",
        "owner": "cachix",
        "repo": "devenv",
        "rev": "1bd67b62d8706a95f495a78bd245c91fd18fed9c",
        "type": "github"
      },
      "original": {
        "dir": "src/modules",
        "owner": "cachix",
        "repo": "devenv",
        "type": "github"
      }
    },
    "dmerge": {
      "inputs": {
        "haumea": [
          "omnibus",
          "flops",
          "haumea"
        ],
        "nixlib": [
          "omnibus",
          "flops",
          "nixlib"
        ],
        "yants": [
          "omnibus",
          "flops",
          "yants"
        ]
      },
      "locked": {
        "lastModified": 1698340621,
        "narHash": "sha256-SFrpyBVYaBVu4kaEm6O9O5P+ZKASMEa2EOQSlC33/Ok=",
        "owner": "divnix",
        "repo": "dmerge",
        "rev": "7e528814b0da207ea12ab3f62f2a928b7b8fe9c6",
        "type": "github"
      },
      "original": {
        "owner": "divnix",
        "repo": "dmerge",
        "type": "github"
      }
    },
    "flake-utils": {
      "inputs": {
        "systems": "systems_2"
      },
      "locked": {
        "lastModified": 1731533236,
        "narHash": "sha256-l0KFg5HjrsfsO/JpG+r7fRrqm12kzFHyUHqHCVpMMbI=",
        "owner": "numtide",
        "repo": "flake-utils",
        "rev": "11707dc2f618dd54ca8739b309ec4fc024de578b",
        "type": "github"
      },
      "original": {
        "owner": "numtide",
        "repo": "flake-utils",
        "type": "github"
      }
    },
    "flops": {
      "inputs": {
        "POP": "POP",
        "call-flake": "call-flake",
        "dmerge": "dmerge",
        "haumea": "haumea",
        "nixlib": "nixlib",
        "yants": "yants"
      },
      "locked": {
        "lastModified": 1766285703,
        "narHash": "sha256-z4drknjJmxGWZS5Q1bsUeBAsjGqS0m+q0MMdcH7EYcg=",
        "owner": "tao3k",
        "repo": "flops",
        "rev": "43ab978be4f7071d9e85393ec4a30f637f423471",
        "type": "github"
      },
      "original": {
        "owner": "tao3k",
        "repo": "flops",
        "type": "github"
      }
    },
    "haumea": {
      "inputs": {
        "nixpkgs": [
          "omnibus",
          "flops",
          "nixlib"
        ]
      },
      "locked": {
        "lastModified": 1708375098,
        "narHash": "sha256-DaFJp3wDHgOqx98U0SF57bXaH2Orp106c+jSdPCVu1E=",
        "owner": "nix-community",
        "repo": "haumea",
        "rev": "ec6350fd9353e7f27ce0e85d31f82e3ed73e4d70",
        "type": "github"
      },
      "original": {
        "owner": "nix-community",
        "repo": "haumea",
        "type": "github"
      }
    },
    "llm-agents": {
      "inputs": {
        "blueprint": "blueprint",
        "nixpkgs": "nixpkgs",
        "treefmt-nix": "treefmt-nix"
      },
      "locked": {
        "lastModified": 1772335368,
        "narHash": "sha256-gMUXfQ5fX9EIzZRRA9gvrT77jl9Y24SxEnoJyQ3Ph8E=",
        "owner": "numtide",
        "repo": "llm-agents.nix",
        "rev": "5b43b5c87a9468298c111576a629bf03da1fc027",
        "type": "github"
      },
      "original": {
        "owner": "numtide",
        "repo": "llm-agents.nix",
        "type": "github"
      }
    },
    "nixlib": {
      "locked": {
        "lastModified": 1765674936,
        "narHash": "sha256-k00uTP4JNfmejrCLJOwdObYC9jHRrr/5M/a/8L2EIdo=",
        "owner": "nix-community",
        "repo": "nixpkgs.lib",
        "rev": "2075416fcb47225d9b68ac469a5c4801a9c4dd85",
        "type": "github"
      },
      "original": {
        "owner": "nix-community",
        "repo": "nixpkgs.lib",
        "type": "github"
      }
    },
    "nixpkgs": {
      "locked": {
        "lastModified": 1771423170,
        "narHash": "sha256-K7Dg9TQ0mOcAtWTO/FX/FaprtWQ8BmEXTpLIaNRhEwU=",
        "owner": "NixOS",
        "repo": "nixpkgs",
        "rev": "bcc4a9d9533c033d806a46b37dc444f9b0da49dd",
        "type": "github"
      },
      "original": {
        "owner": "NixOS",
        "ref": "nixpkgs-unstable",
        "repo": "nixpkgs",
        "type": "github"
      }
    },
    "nixpkgs-latest": {
      "locked": {
        "lastModified": 1771923393,
        "narHash": "sha256-Fy0+UXELv9hOE8WjYhJt8fMDLYTU2Dqn3cX4BwoGBos=",
        "owner": "NixOS",
        "repo": "nixpkgs",
        "rev": "ea7f1f06811ce7fcc81d6c6fd4213150c23edcf2",
        "type": "github"
      },
      "original": {
        "owner": "NixOS",
        "ref": "nixpkgs-unstable",
        "repo": "nixpkgs",
        "type": "github"
      }
    },
    "nixpkgs-src": {
      "flake": false,
      "locked": {
        "lastModified": 1771423170,
        "narHash": "sha256-K7Dg9TQ0mOcAtWTO/FX/FaprtWQ8BmEXTpLIaNRhEwU=",
        "owner": "NixOS",
        "repo": "nixpkgs",
        "rev": "bcc4a9d9533c033d806a46b37dc444f9b0da49dd",
        "type": "github"
      },
      "original": {
        "owner": "NixOS",
        "ref": "nixpkgs-unstable",
        "repo": "nixpkgs",
        "type": "github"
      }
    },
    "nixpkgs_2": {
      "inputs": {
        "nixpkgs-src": "nixpkgs-src"
      },
      "locked": {
        "lastModified": 1771861777,
        "narHash": "sha256-Xh28uOuNN5GzMaTJozOJd/DjQAa/YVjzVUtTAW6P/us=",
        "owner": "cachix",
        "repo": "devenv-nixpkgs",
        "rev": "ab77fef854b6dbe17014b628a8dd3ab9c0ab89a6",
        "type": "github"
      },
      "original": {
        "owner": "cachix",
        "repo": "devenv-nixpkgs",
        "type": "github"
      }
    },
    "nixpkgs_3": {
      "locked": {
        "lastModified": 1767892417,
        "narHash": "sha256-dhhvQY67aboBk8b0/u0XB6vwHdgbROZT3fJAjyNh5Ww=",
        "owner": "NixOS",
        "repo": "nixpkgs",
        "rev": "3497aa5c9457a9d88d71fa93a4a8368816fbeeba",
        "type": "github"
      },
      "original": {
        "owner": "NixOS",
        "ref": "nixos-unstable",
        "repo": "nixpkgs",
        "type": "github"
      }
    },
    "omnibus": {
      "inputs": {
        "flops": "flops"
      },
      "locked": {
        "lastModified": 1768691457,
        "narHash": "sha256-EHoDcmEoNuXqAiam7SXb6lxHM2lH08d+izQGtaN38YM=",
        "owner": "tao3k",
        "repo": "omnibus",
        "rev": "ac858a4921a536e98781ce6dd8b848682967c3a6",
        "type": "github"
      },
      "original": {
        "owner": "tao3k",
        "repo": "omnibus",
        "type": "github"
      }
    },
    "root": {
      "inputs": {
        "devenv": "devenv",
        "llm-agents": "llm-agents",
        "nixpkgs": "nixpkgs_2",
        "nixpkgs-latest": "nixpkgs-latest",
        "omnibus": "omnibus",
        "rust-overlay": "rust-overlay",
        "worktrunk": "worktrunk"
      }
    },
    "rust-overlay": {
      "inputs": {
        "nixpkgs": [
          "nixpkgs-latest"
        ]
      },
      "locked": {
        "lastModified": 1771902481,
        "narHash": "sha256-svI5ivzggtu4KhCdoab3xR5+Btop24o7yLFtIPXrsPM=",
        "owner": "oxalica",
        "repo": "rust-overlay",
        "rev": "5177426d9f8f7f1827001c9749b9a9c5570d456b",
        "type": "github"
      },
      "original": {
        "owner": "oxalica",
        "repo": "rust-overlay",
        "type": "github"
      }
    },
    "rust-overlay_2": {
      "inputs": {
        "nixpkgs": [
          "worktrunk",
          "nixpkgs"
        ]
      },
      "locked": {
        "lastModified": 1767926800,
        "narHash": "sha256-x0n73J6ufD/EhDlVdcoAmF0OQHZ+b0a2cKDc8RZyt+o=",
        "owner": "oxalica",
        "repo": "rust-overlay",
        "rev": "499e9eed88ff9494b6604205b42847e847dfeb91",
        "type": "github"
      },
      "original": {
        "owner": "oxalica",
        "repo": "rust-overlay",
        "type": "github"
      }
    },
    "systems": {
      "locked": {
        "lastModified": 1681028828,
        "narHash": "sha256-Vy1rq5AaRuLzOxct8nz4T6wlgyUR7zLU309k9mBC768=",
        "owner": "nix-systems",
        "repo": "default",
        "rev": "da67096a3b9bf56a91d16901293e51ba5b49a27e",
        "type": "github"
      },
      "original": {
        "owner": "nix-systems",
        "repo": "default",
        "type": "github"
      }
    },
    "systems_2": {
      "locked": {
        "lastModified": 1681028828,
        "narHash": "sha256-Vy1rq5AaRuLzOxct8nz4T6wlgyUR7zLU309k9mBC768=",
        "owner": "nix-systems",
        "repo": "default",
        "rev": "da67096a3b9bf56a91d16901293e51ba5b49a27e",
        "type": "github"
      },
      "original": {
        "owner": "nix-systems",
        "repo": "default",
        "type": "github"
      }
    },
    "treefmt-nix": {
      "inputs": {
        "nixpkgs": [
          "llm-agents",
          "nixpkgs"
        ]
      },
      "locked": {
        "lastModified": 1770228511,
        "narHash": "sha256-wQ6NJSuFqAEmIg2VMnLdCnUc0b7vslUohqqGGD+Fyxk=",
        "owner": "numtide",
        "repo": "treefmt-nix",
        "rev": "337a4fe074be1042a35086f15481d763b8ddc0e7",
        "type": "github"
      },
      "original": {
        "owner": "numtide",
        "repo": "treefmt-nix",
        "type": "github"
      }
    },
    "worktrunk": {
      "inputs": {
        "crane": "crane",
        "flake-utils": "flake-utils",
        "nixpkgs": "nixpkgs_3",
        "rust-overlay": "rust-overlay_2"
      },
      "locked": {
        "lastModified": 1771949289,
        "narHash": "sha256-T20V3PNbn1GaGkbkfactWtsJzkzu3KPJ9yYvZM3xVcM=",
        "owner": "max-sixty",
        "repo": "worktrunk",
        "rev": "06132fa82526bbf31ac2342bbe12c49faef46780",
        "type": "github"
      },
      "original": {
        "owner": "max-sixty",
        "ref": "main",
        "repo": "worktrunk",
        "type": "github"
      }
    },
    "yants": {
      "inputs": {
        "nixpkgs": [
          "omnibus",
          "flops",
          "nixlib"
        ]
      },
      "locked": {
        "lastModified": 1699522279,
        "narHash": "sha256-ILTqQyhVsouZDfbhEVFJI6b3NDZIQQRluL2dk3bee+Y=",
        "owner": "divnix",
        "repo": "yants",
        "rev": "cde27c2821d925245303650c2914d4b7d3a435cd",
        "type": "github"
      },
      "original": {
        "owner": "divnix",
        "ref": "refs/pull/5/head",
        "repo": "yants",
        "type": "github"
      }
    }
  },
  "root": "root",
  "version": 7
}